
Microsoft Visual Studio Solution File, Format Version 12.00
# Visual Studio Version 17
VisualStudioVersion = 17.8.34330.188
MinimumVisualStudioVersion = 10.0.40219.1
Project("{FAE04EC0-301F-11D3-BF4B-00C04F79EFBC}") = "MVCDataTransfer", "MVCDataTransfer\MVCDataTransfer.csproj", "{30FDC2C3-0DBF-491B-A03C-6647EB3C340D}"
EndProject
Global
	GlobalSection(SolutionConfigurationPlatforms) = preSolution
		Debug|Any CPU = Debug|Any CPU
		Release|Any CPU = Release|Any CPU
	EndGlobalSection
	GlobalSection(ProjectConfigurationPlatforms) = postSolution
		{30FDC2C3-0DBF-491B-A03C-6647EB3C340D}.Debug|Any CPU.ActiveCfg = Debug|Any CPU
		{30FDC2C3-0DBF-491B-A03C-6647EB3C340D}.Debug|Any CPU.Build.0 = Debug|Any CPU
		{30FDC2C3-0DBF-491B-A03C-6647EB3C340D}.Release|Any CPU.ActiveCfg = Release|Any CPU
		{30FDC2C3-0DBF-491B-A03C-6647EB3C340D}.Release|Any CPU.Build.0 = Release|Any CPU
	EndGlobalSection
	GlobalSection(SolutionProperties) = preSolution
		HideSolutionNode = FALSE
	EndGlobalSection
	GlobalSection(ExtensibilityGlobals) = postSolution
		SolutionGuid = {9D8F77A2-9F57-45D6-B050-57019CF87F66}
	EndGlobalSection
EndGlobal
